
Microsoft Visual Studio Solution File, Format Version 11.00
# Visual C++ Express 2010
Project("{8BC9CEB8-8B4A-11D0-8D11-00A0C91BC942}") = "PE-8", "PE-8\PE-8.vcxproj", "{9F4E64FD-BC96-4BE3-BC44-ED1B0E58055A}"
EndProject
Global
	GlobalSection(SolutionConfigurationPlatforms) = preSolution
		Debug|Win32 = Debug|Win32
		Release|Win32 = Release|Win32
	EndGlobalSection
	GlobalSection(ProjectConfigurationPlatforms) = postSolution
		{9F4E64FD-BC96-4BE3-BC44-ED1B0E58055A}.Debug|Win32.ActiveCfg = Debug|Win32
		{9F4E64FD-BC96-4BE3-BC44-ED1B0E58055A}.Debug|Win32.Build.0 = Debug|Win32
		{9F4E64FD-BC96-4BE3-BC44-ED1B0E58055A}.Release|Win32.ActiveCfg = Release|Win32
		{9F4E64FD-BC96-4BE3-BC44-ED1B0E58055A}.Release|Win32.Build.0 = Release|Win32
	EndGlobalSection
	GlobalSection(SolutionProperties) = preSolution
		HideSolutionNode = FALSE
	EndGlobalSection
EndGlobal
