
Microsoft Visual Studio Solution File, Format Version 11.00
# Visual C++ Express 2010
Project("{8BC9CEB8-8B4A-11D0-8D11-00A0C91BC942}") = "PE-4", "PE-4\PE-4.vcxproj", "{B1A2F842-7264-401C-B961-B4D7FBBC7AC7}"
EndProject
Global
	GlobalSection(SolutionConfigurationPlatforms) = preSolution
		Debug|Win32 = Debug|Win32
		Release|Win32 = Release|Win32
	EndGlobalSection
	GlobalSection(ProjectConfigurationPlatforms) = postSolution
		{B1A2F842-7264-401C-B961-B4D7FBBC7AC7}.Debug|Win32.ActiveCfg = Debug|Win32
		{B1A2F842-7264-401C-B961-B4D7FBBC7AC7}.Debug|Win32.Build.0 = Debug|Win32
		{B1A2F842-7264-401C-B961-B4D7FBBC7AC7}.Release|Win32.ActiveCfg = Release|Win32
		{B1A2F842-7264-401C-B961-B4D7FBBC7AC7}.Release|Win32.Build.0 = Release|Win32
	EndGlobalSection
	GlobalSection(SolutionProperties) = preSolution
		HideSolutionNode = FALSE
	EndGlobalSection
EndGlobal
