
Microsoft Visual Studio Solution File, Format Version 11.00
# Visual C++ Express 2010
Project("{8BC9CEB8-8B4A-11D0-8D11-00A0C91BC942}") = "PE-5", "PE-5\PE-5.vcxproj", "{19EF4ECF-D51F-4DC0-A070-D971B2F1ECE8}"
EndProject
Global
	GlobalSection(SolutionConfigurationPlatforms) = preSolution
		Debug|Win32 = Debug|Win32
		Release|Win32 = Release|Win32
	EndGlobalSection
	GlobalSection(ProjectConfigurationPlatforms) = postSolution
		{19EF4ECF-D51F-4DC0-A070-D971B2F1ECE8}.Debug|Win32.ActiveCfg = Debug|Win32
		{19EF4ECF-D51F-4DC0-A070-D971B2F1ECE8}.Debug|Win32.Build.0 = Debug|Win32
		{19EF4ECF-D51F-4DC0-A070-D971B2F1ECE8}.Release|Win32.ActiveCfg = Release|Win32
		{19EF4ECF-D51F-4DC0-A070-D971B2F1ECE8}.Release|Win32.Build.0 = Release|Win32
	EndGlobalSection
	GlobalSection(SolutionProperties) = preSolution
		HideSolutionNode = FALSE
	EndGlobalSection
EndGlobal
